// !$*UTF8*$!
{
	archiveVersion = 1;
	classes = {
	};
	objectVersion = 56;
	objects = {

/* Begin PBXBuildFile section */
		0A0754B42BA848FA000DD966 /* CODE_OF_CONDUCT.md in Resources */ = {isa = PBXBuildFile; fileRef = 0A0754B32BA848FA000DD966 /* CODE_OF_CONDUCT.md */; };
		0A0754D92BA874CA000DD966 /* AuthService.swift in Sources */ = {isa = PBXBuildFile; fileRef = 0A0754D82BA874CA000DD966 /* AuthService.swift */; };
		0A0858752BAECDB300A92BBE /* Validator.swift in Sources */ = {isa = PBXBuildFile; fileRef = 0A0858742BAECDB300A92BBE /* Validator.swift */; };
		0A159DB32BAC507D007862C5 /* IValidatable.swift in Sources */ = {isa = PBXBuildFile; fileRef = 0A159DB22BAC507D007862C5 /* IValidatable.swift */; };
		0A159DB62BAC5386007862C5 /* Validators.swift in Sources */ = {isa = PBXBuildFile; fileRef = 0A159DB52BAC5386007862C5 /* Validators.swift */; };
		0A3489872BB2027A00DB46A7 /* BaseViewControllerTests.swift in Sources */ = {isa = PBXBuildFile; fileRef = 0A3489862BB2027A00DB46A7 /* BaseViewControllerTests.swift */; };
		0A3662FF2BA0BA88004FAE1D /* Localization.strings in Resources */ = {isa = PBXBuildFile; fileRef = 0A3662FD2BA0BA88004FAE1D /* Localization.strings */; };
		0A3663072BA0BED9004FAE1D /* UserDefaults.swift in Sources */ = {isa = PBXBuildFile; fileRef = 0A3663062BA0BED9004FAE1D /* UserDefaults.swift */; };
		0A3663092BA0C2C3004FAE1D /* App.swift in Sources */ = {isa = PBXBuildFile; fileRef = 0A3663082BA0C2C3004FAE1D /* App.swift */; };
		0A36630B2BA0C6C1004FAE1D /* AppleLoginService.swift in Sources */ = {isa = PBXBuildFile; fileRef = 0A36630A2BA0C6C1004FAE1D /* AppleLoginService.swift */; };
		0A36630D2BA0CA11004FAE1D /* UIApplication + ext.swift in Sources */ = {isa = PBXBuildFile; fileRef = 0A36630C2BA0CA11004FAE1D /* UIApplication + ext.swift */; };
		0A3938AB2BA8DF1600150F7F /* BaseView.swift in Sources */ = {isa = PBXBuildFile; fileRef = 0A3938AA2BA8DF1600150F7F /* BaseView.swift */; };
		0A3938B02BA8E21E00150F7F /* BaseLabel.swift in Sources */ = {isa = PBXBuildFile; fileRef = 0A3938AF2BA8E21E00150F7F /* BaseLabel.swift */; };
		0A3938B42BA8FA6800150F7F /* AuthHeaderView.swift in Sources */ = {isa = PBXBuildFile; fileRef = 0A3938B32BA8FA6800150F7F /* AuthHeaderView.swift */; };
		0A398E422BA8A0F300AA231C /* Response.swift in Sources */ = {isa = PBXBuildFile; fileRef = 0A398E412BA8A0F300AA231C /* Response.swift */; };
		0A398E452BA8A10800AA231C /* UserRequest.swift in Sources */ = {isa = PBXBuildFile; fileRef = 0A398E442BA8A10800AA231C /* UserRequest.swift */; };
		0A398E4B2BA8A86800AA231C /* IService.swift in Sources */ = {isa = PBXBuildFile; fileRef = 0A398E4A2BA8A86800AA231C /* IService.swift */; };
		0A398E4D2BA8A88800AA231C /* DataService.swift in Sources */ = {isa = PBXBuildFile; fileRef = 0A398E4C2BA8A88800AA231C /* DataService.swift */; };
		0A398E4F2BA8B17B00AA231C /* APIRequest.swift in Sources */ = {isa = PBXBuildFile; fileRef = 0A398E4E2BA8B17B00AA231C /* APIRequest.swift */; };
		0A398E542BA8BCA200AA231C /* Utilities.swift in Sources */ = {isa = PBXBuildFile; fileRef = 0A398E532BA8BCA200AA231C /* Utilities.swift */; };
		0A398E572BA8BCD300AA231C /* Alert.swift in Sources */ = {isa = PBXBuildFile; fileRef = 0A398E562BA8BCD300AA231C /* Alert.swift */; };
		0A3C3FAA2BAAD88400CDCFDF /* LoginViewController.swift in Sources */ = {isa = PBXBuildFile; fileRef = 0A3C3FA92BAAD88400CDCFDF /* LoginViewController.swift */; };
		0A3C3FB52BAAE84700CDCFDF /* BaseButton.swift in Sources */ = {isa = PBXBuildFile; fileRef = 0A3C3FB42BAAE84700CDCFDF /* BaseButton.swift */; };
		0A3C3FBE2BAB175B00CDCFDF /* TermsTextView.swift in Sources */ = {isa = PBXBuildFile; fileRef = 0A3C3FBD2BAB175B00CDCFDF /* TermsTextView.swift */; };
		0A3C3FC12BAB1AE500CDCFDF /* WebViewerController.swift in Sources */ = {isa = PBXBuildFile; fileRef = 0A3C3FC02BAB1AE500CDCFDF /* WebViewerController.swift */; };
		0A3C401F2BAB957600CDCFDF /* ValidatorTests.swift in Sources */ = {isa = PBXBuildFile; fileRef = 0A3C401E2BAB957600CDCFDF /* ValidatorTests.swift */; };
		0A87E1632BB1B6970030CC3D /* BaseViewController.swift in Sources */ = {isa = PBXBuildFile; fileRef = 0A87E1622BB1B6970030CC3D /* BaseViewController.swift */; };
		0A87E1682BB1C1FA0030CC3D /* ProfileViewModel.swift in Sources */ = {isa = PBXBuildFile; fileRef = 0A87E1672BB1C1FA0030CC3D /* ProfileViewModel.swift */; };
		0A87E16A2BB1C26A0030CC3D /* FriendsViewModel.swift in Sources */ = {isa = PBXBuildFile; fileRef = 0A87E1692BB1C26A0030CC3D /* FriendsViewModel.swift */; };
		0A87E16C2BB1C3E80030CC3D /* CollectionViewModel.swift in Sources */ = {isa = PBXBuildFile; fileRef = 0A87E16B2BB1C3E80030CC3D /* CollectionViewModel.swift */; };
		0A87E1712BB1C8220030CC3D /* BaseCollectionViewCell.swift in Sources */ = {isa = PBXBuildFile; fileRef = 0A87E1702BB1C8220030CC3D /* BaseCollectionViewCell.swift */; };
		0A87E1752BB1CB5F0030CC3D /* LabelCollectionViewCell.swift in Sources */ = {isa = PBXBuildFile; fileRef = 0A87E1742BB1CB5F0030CC3D /* LabelCollectionViewCell.swift */; };
		0A87E1782BB1D92A0030CC3D /* UICollectionView + ext.swift in Sources */ = {isa = PBXBuildFile; fileRef = 0A87E1772BB1D92A0030CC3D /* UICollectionView + ext.swift */; };
		0A87E17B2BB1DB8F0030CC3D /* UICollectionViewCell + ext.swift in Sources */ = {isa = PBXBuildFile; fileRef = 0A87E17A2BB1DB8F0030CC3D /* UICollectionViewCell + ext.swift */; };
		0A87E17E2BB1DD9E0030CC3D /* NotesViewModel.swift in Sources */ = {isa = PBXBuildFile; fileRef = 0A87E17D2BB1DD9E0030CC3D /* NotesViewModel.swift */; };
		0A87E1812BB1DDB30030CC3D /* MapViewModel.swift in Sources */ = {isa = PBXBuildFile; fileRef = 0A87E1802BB1DDB30030CC3D /* MapViewModel.swift */; };
		0A87E1832BB1E1E40030CC3D /* NotesCollectionViewCell.swift in Sources */ = {isa = PBXBuildFile; fileRef = 0A87E1822BB1E1E40030CC3D /* NotesCollectionViewCell.swift */; };
		0A87E1862BB1E4080030CC3D /* LoginViewModel.swift in Sources */ = {isa = PBXBuildFile; fileRef = 0A87E1852BB1E4080030CC3D /* LoginViewModel.swift */; };
		0A87E19C2BB1F61C0030CC3D /* LoginViewModelTests.swift in Sources */ = {isa = PBXBuildFile; fileRef = 0A87E19B2BB1F61C0030CC3D /* LoginViewModelTests.swift */; };
		0A87E19F2BB1F71B0030CC3D /* LoginViewControllerTests.swift in Sources */ = {isa = PBXBuildFile; fileRef = 0A87E19E2BB1F71B0030CC3D /* LoginViewControllerTests.swift */; };
		0A996BF02BADAE5D002A7884 /* RswiftLibrary in Frameworks */ = {isa = PBXBuildFile; productRef = 0A996BEF2BADAE5D002A7884 /* RswiftLibrary */; };
		0A996BF22BADAE5D002A7884 /* rswift in Frameworks */ = {isa = PBXBuildFile; productRef = 0A996BF12BADAE5D002A7884 /* rswift */; };
		0A996BF52BADAE67002A7884 /* SnapKit in Frameworks */ = {isa = PBXBuildFile; productRef = 0A996BF42BADAE67002A7884 /* SnapKit */; };
		0ABAAF4B2BB0A7BA00F91A8D /* SignIn.swift in Sources */ = {isa = PBXBuildFile; fileRef = 0ABAAF4A2BB0A7BA00F91A8D /* SignIn.swift */; };
		0ABAAF4D2BB0A7D800F91A8D /* SignUp.swift in Sources */ = {isa = PBXBuildFile; fileRef = 0ABAAF4C2BB0A7D800F91A8D /* SignUp.swift */; };
		0ABAAF512BB0A8F200F91A8D /* APIRequest + ext.swift in Sources */ = {isa = PBXBuildFile; fileRef = 0ABAAF502BB0A8F200F91A8D /* APIRequest + ext.swift */; };
		0AC4CBA02BA975B100438E41 /* BaseStackView.swift in Sources */ = {isa = PBXBuildFile; fileRef = 0AC4CB9F2BA975B100438E41 /* BaseStackView.swift */; };
		0AC4CBA62BA987D700438E41 /* AppleButtonsView.swift in Sources */ = {isa = PBXBuildFile; fileRef = 0AC4CBA52BA987D700438E41 /* AppleButtonsView.swift */; };
		0AF2940E2BA9C47C0075C11A /* CredentialInputView.swift in Sources */ = {isa = PBXBuildFile; fileRef = 0AF2940D2BA9C47C0075C11A /* CredentialInputView.swift */; };
		0AF294112BA9CEA60075C11A /* BaseTextField.swift in Sources */ = {isa = PBXBuildFile; fileRef = 0AF294102BA9CEA60075C11A /* BaseTextField.swift */; };
		0AF294142BA9D5680075C11A /* AuthTextField.swift in Sources */ = {isa = PBXBuildFile; fileRef = 0AF294132BA9D5680075C11A /* AuthTextField.swift */; };
		0AF294182BA9E3110075C11A /* SECURITY.md in Resources */ = {isa = PBXBuildFile; fileRef = 0AF294172BA9E3110075C11A /* SECURITY.md */; };
		0AF294312BAA50F50075C11A /* FooterButtonsView.swift in Sources */ = {isa = PBXBuildFile; fileRef = 0AF294302BAA50F50075C11A /* FooterButtonsView.swift */; };
		0AF8CA912BA034D90069DF7E /* AppDelegate.swift in Sources */ = {isa = PBXBuildFile; fileRef = 0AF8CA902BA034D90069DF7E /* AppDelegate.swift */; };
		0AF8CA932BA034D90069DF7E /* SceneDelegate.swift in Sources */ = {isa = PBXBuildFile; fileRef = 0AF8CA922BA034D90069DF7E /* SceneDelegate.swift */; };
		0AF8CA9A2BA034DB0069DF7E /* Assets.xcassets in Resources */ = {isa = PBXBuildFile; fileRef = 0AF8CA992BA034DB0069DF7E /* Assets.xcassets */; };
		0AF8CAA72BA0360B0069DF7E /* TabBarController.swift in Sources */ = {isa = PBXBuildFile; fileRef = 0AF8CAA62BA0360B0069DF7E /* TabBarController.swift */; };
		0AF8CAA92BA036450069DF7E /* NavigationController.swift in Sources */ = {isa = PBXBuildFile; fileRef = 0AF8CAA82BA036450069DF7E /* NavigationController.swift */; };
		0AF8CABF2BA03B6C0069DF7E /* Rubik-Black.ttf in Resources */ = {isa = PBXBuildFile; fileRef = 0AF8CAB02BA03B6C0069DF7E /* Rubik-Black.ttf */; };
		0AF8CAC02BA03B6C0069DF7E /* Rubik-BlackItalic.ttf in Resources */ = {isa = PBXBuildFile; fileRef = 0AF8CAB12BA03B6C0069DF7E /* Rubik-BlackItalic.ttf */; };
		0AF8CAC12BA03B6C0069DF7E /* Rubik-Bold.ttf in Resources */ = {isa = PBXBuildFile; fileRef = 0AF8CAB22BA03B6C0069DF7E /* Rubik-Bold.ttf */; };
		0AF8CAC22BA03B6C0069DF7E /* Rubik-BoldItalic.ttf in Resources */ = {isa = PBXBuildFile; fileRef = 0AF8CAB32BA03B6C0069DF7E /* Rubik-BoldItalic.ttf */; };
		0AF8CAC52BA03B6C0069DF7E /* Rubik-Italic.ttf in Resources */ = {isa = PBXBuildFile; fileRef = 0AF8CAB62BA03B6C0069DF7E /* Rubik-Italic.ttf */; };
		0AF8CAC62BA03B6C0069DF7E /* Rubik-Light.ttf in Resources */ = {isa = PBXBuildFile; fileRef = 0AF8CAB72BA03B6C0069DF7E /* Rubik-Light.ttf */; };
		0AF8CAC72BA03B6C0069DF7E /* Rubik-LightItalic.ttf in Resources */ = {isa = PBXBuildFile; fileRef = 0AF8CAB82BA03B6C0069DF7E /* Rubik-LightItalic.ttf */; };
		0AF8CAC82BA03B6C0069DF7E /* Rubik-Medium.ttf in Resources */ = {isa = PBXBuildFile; fileRef = 0AF8CAB92BA03B6C0069DF7E /* Rubik-Medium.ttf */; };
		0AF8CAC92BA03B6C0069DF7E /* Rubik-MediumItalic.ttf in Resources */ = {isa = PBXBuildFile; fileRef = 0AF8CABA2BA03B6C0069DF7E /* Rubik-MediumItalic.ttf */; };
		0AF8CACA2BA03B6C0069DF7E /* Rubik-Regular.ttf in Resources */ = {isa = PBXBuildFile; fileRef = 0AF8CABB2BA03B6C0069DF7E /* Rubik-Regular.ttf */; };
		0AF8CADA2BA04AA00069DF7E /* UIView + ext.swift in Sources */ = {isa = PBXBuildFile; fileRef = 0AF8CAD92BA04AA00069DF7E /* UIView + ext.swift */; };
		0AF8CAE02BA04FCB0069DF7E /* NotesViewController.swift in Sources */ = {isa = PBXBuildFile; fileRef = 0AF8CADF2BA04FCB0069DF7E /* NotesViewController.swift */; };
		0AF8CAE22BA04FE50069DF7E /* MapViewController.swift in Sources */ = {isa = PBXBuildFile; fileRef = 0AF8CAE12BA04FE50069DF7E /* MapViewController.swift */; };
		0AF8CAE42BA04FFB0069DF7E /* FriendsViewController.swift in Sources */ = {isa = PBXBuildFile; fileRef = 0AF8CAE32BA04FFB0069DF7E /* FriendsViewController.swift */; };
		0AF8CAE62BA0500E0069DF7E /* ProfileViewController.swift in Sources */ = {isa = PBXBuildFile; fileRef = 0AF8CAE52BA0500E0069DF7E /* ProfileViewController.swift */; };
		0AF8CAEA2BA07D8F0069DF7E /* LICENSE in Resources */ = {isa = PBXBuildFile; fileRef = 0AF8CAE92BA07D8F0069DF7E /* LICENSE */; };
		0AF8CAEC2BA07DC90069DF7E /* .gitignore in Resources */ = {isa = PBXBuildFile; fileRef = 0AF8CAEB2BA07DC90069DF7E /* .gitignore */; };
		0AF8CAEE2BA07DE80069DF7E /* README.md in Resources */ = {isa = PBXBuildFile; fileRef = 0AF8CAED2BA07DE80069DF7E /* README.md */; };
		0AF8CAF02BA09DD10069DF7E /* CollectionViewController.swift in Sources */ = {isa = PBXBuildFile; fileRef = 0AF8CAEF2BA09DD10069DF7E /* CollectionViewController.swift */; };
/* End PBXBuildFile section */

/* Begin PBXContainerItemProxy section */
		0A3C40172BAB94C000CDCFDF /* PBXContainerItemProxy */ = {
			isa = PBXContainerItemProxy;
			containerPortal = 0AF8CA852BA034D90069DF7E /* Project object */;
			proxyType = 1;
			remoteGlobalIDString = 0AF8CA8C2BA034D90069DF7E;
			remoteInfo = VenueWatch;
		};
/* End PBXContainerItemProxy section */

/* Begin PBXFileReference section */
		0A0754B32BA848FA000DD966 /* CODE_OF_CONDUCT.md */ = {isa = PBXFileReference; fileEncoding = 4; lastKnownFileType = net.daringfireball.markdown; path = CODE_OF_CONDUCT.md; sourceTree = "<group>"; };
		0A0754D82BA874CA000DD966 /* AuthService.swift */ = {isa = PBXFileReference; lastKnownFileType = sourcecode.swift; path = AuthService.swift; sourceTree = "<group>"; };
		0A0858742BAECDB300A92BBE /* Validator.swift */ = {isa = PBXFileReference; lastKnownFileType = sourcecode.swift; path = Validator.swift; sourceTree = "<group>"; };
		0A159DB22BAC507D007862C5 /* IValidatable.swift */ = {isa = PBXFileReference; lastKnownFileType = sourcecode.swift; path = IValidatable.swift; sourceTree = "<group>"; };
		0A159DB52BAC5386007862C5 /* Validators.swift */ = {isa = PBXFileReference; lastKnownFileType = sourcecode.swift; path = Validators.swift; sourceTree = "<group>"; };
		0A3489862BB2027A00DB46A7 /* BaseViewControllerTests.swift */ = {isa = PBXFileReference; lastKnownFileType = sourcecode.swift; path = BaseViewControllerTests.swift; sourceTree = "<group>"; };
		0A3662FC2BA0B50D004FAE1D /* en */ = {isa = PBXFileReference; lastKnownFileType = file.storyboard; name = en; path = en.lproj/LaunchScreen.storyboard; sourceTree = "<group>"; };
		0A3662FE2BA0BA88004FAE1D /* en */ = {isa = PBXFileReference; lastKnownFileType = text.plist.strings; name = en; path = en.lproj/Localization.strings; sourceTree = "<group>"; };
		0A3663032BA0BD6C004FAE1D /* ru */ = {isa = PBXFileReference; lastKnownFileType = text.plist.strings; name = ru; path = ru.lproj/Localization.strings; sourceTree = "<group>"; };
		0A3663062BA0BED9004FAE1D /* UserDefaults.swift */ = {isa = PBXFileReference; lastKnownFileType = sourcecode.swift; path = UserDefaults.swift; sourceTree = "<group>"; };
		0A3663082BA0C2C3004FAE1D /* App.swift */ = {isa = PBXFileReference; lastKnownFileType = sourcecode.swift; path = App.swift; sourceTree = "<group>"; };
		0A36630A2BA0C6C1004FAE1D /* AppleLoginService.swift */ = {isa = PBXFileReference; lastKnownFileType = sourcecode.swift; path = AppleLoginService.swift; sourceTree = "<group>"; };
		0A36630C2BA0CA11004FAE1D /* UIApplication + ext.swift */ = {isa = PBXFileReference; lastKnownFileType = sourcecode.swift; path = "UIApplication + ext.swift"; sourceTree = "<group>"; };
		0A36630E2BA1B023004FAE1D /* VenueWatch.entitlements */ = {isa = PBXFileReference; lastKnownFileType = text.plist.entitlements; path = VenueWatch.entitlements; sourceTree = "<group>"; };
		0A3938AA2BA8DF1600150F7F /* BaseView.swift */ = {isa = PBXFileReference; lastKnownFileType = sourcecode.swift; path = BaseView.swift; sourceTree = "<group>"; };
		0A3938AF2BA8E21E00150F7F /* BaseLabel.swift */ = {isa = PBXFileReference; lastKnownFileType = sourcecode.swift; path = BaseLabel.swift; sourceTree = "<group>"; };
		0A3938B32BA8FA6800150F7F /* AuthHeaderView.swift */ = {isa = PBXFileReference; lastKnownFileType = sourcecode.swift; path = AuthHeaderView.swift; sourceTree = "<group>"; };
		0A398E412BA8A0F300AA231C /* Response.swift */ = {isa = PBXFileReference; lastKnownFileType = sourcecode.swift; path = Response.swift; sourceTree = "<group>"; };
		0A398E442BA8A10800AA231C /* UserRequest.swift */ = {isa = PBXFileReference; lastKnownFileType = sourcecode.swift; path = UserRequest.swift; sourceTree = "<group>"; };
		0A398E4A2BA8A86800AA231C /* IService.swift */ = {isa = PBXFileReference; lastKnownFileType = sourcecode.swift; path = IService.swift; sourceTree = "<group>"; };
		0A398E4C2BA8A88800AA231C /* DataService.swift */ = {isa = PBXFileReference; lastKnownFileType = sourcecode.swift; path = DataService.swift; sourceTree = "<group>"; };
		0A398E4E2BA8B17B00AA231C /* APIRequest.swift */ = {isa = PBXFileReference; lastKnownFileType = sourcecode.swift; path = APIRequest.swift; sourceTree = "<group>"; };
		0A398E532BA8BCA200AA231C /* Utilities.swift */ = {isa = PBXFileReference; lastKnownFileType = sourcecode.swift; path = Utilities.swift; sourceTree = "<group>"; };
		0A398E562BA8BCD300AA231C /* Alert.swift */ = {isa = PBXFileReference; lastKnownFileType = sourcecode.swift; path = Alert.swift; sourceTree = "<group>"; };
		0A3C3FA92BAAD88400CDCFDF /* LoginViewController.swift */ = {isa = PBXFileReference; lastKnownFileType = sourcecode.swift; path = LoginViewController.swift; sourceTree = "<group>"; };
		0A3C3FB42BAAE84700CDCFDF /* BaseButton.swift */ = {isa = PBXFileReference; lastKnownFileType = sourcecode.swift; path = BaseButton.swift; sourceTree = "<group>"; };
		0A3C3FBD2BAB175B00CDCFDF /* TermsTextView.swift */ = {isa = PBXFileReference; lastKnownFileType = sourcecode.swift; path = TermsTextView.swift; sourceTree = "<group>"; };
		0A3C3FC02BAB1AE500CDCFDF /* WebViewerController.swift */ = {isa = PBXFileReference; lastKnownFileType = sourcecode.swift; path = WebViewerController.swift; sourceTree = "<group>"; };
		0A3C40132BAB94C000CDCFDF /* VenueWatchTests.xctest */ = {isa = PBXFileReference; explicitFileType = wrapper.cfbundle; includeInIndex = 0; path = VenueWatchTests.xctest; sourceTree = BUILT_PRODUCTS_DIR; };
		0A3C401E2BAB957600CDCFDF /* ValidatorTests.swift */ = {isa = PBXFileReference; lastKnownFileType = sourcecode.swift; path = ValidatorTests.swift; sourceTree = "<group>"; };
		0A87E1622BB1B6970030CC3D /* BaseViewController.swift */ = {isa = PBXFileReference; lastKnownFileType = sourcecode.swift; path = BaseViewController.swift; sourceTree = "<group>"; };
		0A87E1672BB1C1FA0030CC3D /* ProfileViewModel.swift */ = {isa = PBXFileReference; lastKnownFileType = sourcecode.swift; path = ProfileViewModel.swift; sourceTree = "<group>"; };
		0A87E1692BB1C26A0030CC3D /* FriendsViewModel.swift */ = {isa = PBXFileReference; lastKnownFileType = sourcecode.swift; path = FriendsViewModel.swift; sourceTree = "<group>"; };
		0A87E16B2BB1C3E80030CC3D /* CollectionViewModel.swift */ = {isa = PBXFileReference; lastKnownFileType = sourcecode.swift; path = CollectionViewModel.swift; sourceTree = "<group>"; };
		0A87E1702BB1C8220030CC3D /* BaseCollectionViewCell.swift */ = {isa = PBXFileReference; lastKnownFileType = sourcecode.swift; path = BaseCollectionViewCell.swift; sourceTree = "<group>"; };
		0A87E1742BB1CB5F0030CC3D /* LabelCollectionViewCell.swift */ = {isa = PBXFileReference; lastKnownFileType = sourcecode.swift; path = LabelCollectionViewCell.swift; sourceTree = "<group>"; };
		0A87E1772BB1D92A0030CC3D /* UICollectionView + ext.swift */ = {isa = PBXFileReference; lastKnownFileType = sourcecode.swift; path = "UICollectionView + ext.swift"; sourceTree = "<group>"; };
		0A87E17A2BB1DB8F0030CC3D /* UICollectionViewCell + ext.swift */ = {isa = PBXFileReference; lastKnownFileType = sourcecode.swift; path = "UICollectionViewCell + ext.swift"; sourceTree = "<group>"; };
		0A87E17D2BB1DD9E0030CC3D /* NotesViewModel.swift */ = {isa = PBXFileReference; lastKnownFileType = sourcecode.swift; path = NotesViewModel.swift; sourceTree = "<group>"; };
		0A87E1802BB1DDB30030CC3D /* MapViewModel.swift */ = {isa = PBXFileReference; lastKnownFileType = sourcecode.swift; path = MapViewModel.swift; sourceTree = "<group>"; };
		0A87E1822BB1E1E40030CC3D /* NotesCollectionViewCell.swift */ = {isa = PBXFileReference; lastKnownFileType = sourcecode.swift; path = NotesCollectionViewCell.swift; sourceTree = "<group>"; };
		0A87E1852BB1E4080030CC3D /* LoginViewModel.swift */ = {isa = PBXFileReference; lastKnownFileType = sourcecode.swift; path = LoginViewModel.swift; sourceTree = "<group>"; };
		0A87E19B2BB1F61C0030CC3D /* LoginViewModelTests.swift */ = {isa = PBXFileReference; lastKnownFileType = sourcecode.swift; path = LoginViewModelTests.swift; sourceTree = "<group>"; };
		0A87E19E2BB1F71B0030CC3D /* LoginViewControllerTests.swift */ = {isa = PBXFileReference; lastKnownFileType = sourcecode.swift; path = LoginViewControllerTests.swift; sourceTree = "<group>"; };
		0ABAAF4A2BB0A7BA00F91A8D /* SignIn.swift */ = {isa = PBXFileReference; lastKnownFileType = sourcecode.swift; path = SignIn.swift; sourceTree = "<group>"; };
		0ABAAF4C2BB0A7D800F91A8D /* SignUp.swift */ = {isa = PBXFileReference; lastKnownFileType = sourcecode.swift; path = SignUp.swift; sourceTree = "<group>"; };
		0ABAAF502BB0A8F200F91A8D /* APIRequest + ext.swift */ = {isa = PBXFileReference; lastKnownFileType = sourcecode.swift; path = "APIRequest + ext.swift"; sourceTree = "<group>"; };
		0AC4CB9F2BA975B100438E41 /* BaseStackView.swift */ = {isa = PBXFileReference; lastKnownFileType = sourcecode.swift; path = BaseStackView.swift; sourceTree = "<group>"; };
		0AC4CBA52BA987D700438E41 /* AppleButtonsView.swift */ = {isa = PBXFileReference; lastKnownFileType = sourcecode.swift; path = AppleButtonsView.swift; sourceTree = "<group>"; };
		0AF2940D2BA9C47C0075C11A /* CredentialInputView.swift */ = {isa = PBXFileReference; lastKnownFileType = sourcecode.swift; path = CredentialInputView.swift; sourceTree = "<group>"; };
		0AF294102BA9CEA60075C11A /* BaseTextField.swift */ = {isa = PBXFileReference; lastKnownFileType = sourcecode.swift; path = BaseTextField.swift; sourceTree = "<group>"; };
		0AF294132BA9D5680075C11A /* AuthTextField.swift */ = {isa = PBXFileReference; lastKnownFileType = sourcecode.swift; path = AuthTextField.swift; sourceTree = "<group>"; };
		0AF294172BA9E3110075C11A /* SECURITY.md */ = {isa = PBXFileReference; fileEncoding = 4; lastKnownFileType = net.daringfireball.markdown; path = SECURITY.md; sourceTree = "<group>"; };
		0AF294302BAA50F50075C11A /* FooterButtonsView.swift */ = {isa = PBXFileReference; lastKnownFileType = sourcecode.swift; path = FooterButtonsView.swift; sourceTree = "<group>"; };
		0AF8CA8D2BA034D90069DF7E /* VenueWatch.app */ = {isa = PBXFileReference; explicitFileType = wrapper.application; includeInIndex = 0; path = VenueWatch.app; sourceTree = BUILT_PRODUCTS_DIR; };
		0AF8CA902BA034D90069DF7E /* AppDelegate.swift */ = {isa = PBXFileReference; lastKnownFileType = sourcecode.swift; path = AppDelegate.swift; sourceTree = "<group>"; };
		0AF8CA922BA034D90069DF7E /* SceneDelegate.swift */ = {isa = PBXFileReference; lastKnownFileType = sourcecode.swift; path = SceneDelegate.swift; sourceTree = "<group>"; };
		0AF8CA992BA034DB0069DF7E /* Assets.xcassets */ = {isa = PBXFileReference; lastKnownFileType = folder.assetcatalog; path = Assets.xcassets; sourceTree = "<group>"; };
		0AF8CA9E2BA034DB0069DF7E /* Info.plist */ = {isa = PBXFileReference; lastKnownFileType = text.plist.xml; path = Info.plist; sourceTree = "<group>"; };
		0AF8CAA62BA0360B0069DF7E /* TabBarController.swift */ = {isa = PBXFileReference; lastKnownFileType = sourcecode.swift; path = TabBarController.swift; sourceTree = "<group>"; };
		0AF8CAA82BA036450069DF7E /* NavigationController.swift */ = {isa = PBXFileReference; lastKnownFileType = sourcecode.swift; path = NavigationController.swift; sourceTree = "<group>"; };
		0AF8CAB02BA03B6C0069DF7E /* Rubik-Black.ttf */ = {isa = PBXFileReference; lastKnownFileType = file; path = "Rubik-Black.ttf"; sourceTree = "<group>"; };
		0AF8CAB12BA03B6C0069DF7E /* Rubik-BlackItalic.ttf */ = {isa = PBXFileReference; lastKnownFileType = file; path = "Rubik-BlackItalic.ttf"; sourceTree = "<group>"; };
		0AF8CAB22BA03B6C0069DF7E /* Rubik-Bold.ttf */ = {isa = PBXFileReference; lastKnownFileType = file; path = "Rubik-Bold.ttf"; sourceTree = "<group>"; };
		0AF8CAB32BA03B6C0069DF7E /* Rubik-BoldItalic.ttf */ = {isa = PBXFileReference; lastKnownFileType = file; path = "Rubik-BoldItalic.ttf"; sourceTree = "<group>"; };
		0AF8CAB62BA03B6C0069DF7E /* Rubik-Italic.ttf */ = {isa = PBXFileReference; lastKnownFileType = file; path = "Rubik-Italic.ttf"; sourceTree = "<group>"; };
		0AF8CAB72BA03B6C0069DF7E /* Rubik-Light.ttf */ = {isa = PBXFileReference; lastKnownFileType = file; path = "Rubik-Light.ttf"; sourceTree = "<group>"; };
		0AF8CAB82BA03B6C0069DF7E /* Rubik-LightItalic.ttf */ = {isa = PBXFileReference; lastKnownFileType = file; path = "Rubik-LightItalic.ttf"; sourceTree = "<group>"; };
		0AF8CAB92BA03B6C0069DF7E /* Rubik-Medium.ttf */ = {isa = PBXFileReference; lastKnownFileType = file; path = "Rubik-Medium.ttf"; sourceTree = "<group>"; };
		0AF8CABA2BA03B6C0069DF7E /* Rubik-MediumItalic.ttf */ = {isa = PBXFileReference; lastKnownFileType = file; path = "Rubik-MediumItalic.ttf"; sourceTree = "<group>"; };
		0AF8CABB2BA03B6C0069DF7E /* Rubik-Regular.ttf */ = {isa = PBXFileReference; lastKnownFileType = file; path = "Rubik-Regular.ttf"; sourceTree = "<group>"; };
		0AF8CAD92BA04AA00069DF7E /* UIView + ext.swift */ = {isa = PBXFileReference; lastKnownFileType = sourcecode.swift; path = "UIView + ext.swift"; sourceTree = "<group>"; };
		0AF8CADF2BA04FCB0069DF7E /* NotesViewController.swift */ = {isa = PBXFileReference; lastKnownFileType = sourcecode.swift; path = NotesViewController.swift; sourceTree = "<group>"; };
		0AF8CAE12BA04FE50069DF7E /* MapViewController.swift */ = {isa = PBXFileReference; lastKnownFileType = sourcecode.swift; path = MapViewController.swift; sourceTree = "<group>"; };
		0AF8CAE32BA04FFB0069DF7E /* FriendsViewController.swift */ = {isa = PBXFileReference; lastKnownFileType = sourcecode.swift; path = FriendsViewController.swift; sourceTree = "<group>"; };
		0AF8CAE52BA0500E0069DF7E /* ProfileViewController.swift */ = {isa = PBXFileReference; lastKnownFileType = sourcecode.swift; path = ProfileViewController.swift; sourceTree = "<group>"; };
		0AF8CAE92BA07D8F0069DF7E /* LICENSE */ = {isa = PBXFileReference; fileEncoding = 4; lastKnownFileType = text; path = LICENSE; sourceTree = "<group>"; };
		0AF8CAEB2BA07DC90069DF7E /* .gitignore */ = {isa = PBXFileReference; fileEncoding = 4; lastKnownFileType = text; path = .gitignore; sourceTree = "<group>"; };
		0AF8CAED2BA07DE80069DF7E /* README.md */ = {isa = PBXFileReference; fileEncoding = 4; lastKnownFileType = net.daringfireball.markdown; path = README.md; sourceTree = "<group>"; };
		0AF8CAEF2BA09DD10069DF7E /* CollectionViewController.swift */ = {isa = PBXFileReference; lastKnownFileType = sourcecode.swift; path = CollectionViewController.swift; sourceTree = "<group>"; };
/* End PBXFileReference section */

/* Begin PBXFrameworksBuildPhase section */
		0A3C40102BAB94C000CDCFDF /* Frameworks */ = {
			isa = PBXFrameworksBuildPhase;
			buildActionMask = 2147483647;
			files = (
			);
			runOnlyForDeploymentPostprocessing = 0;
		};
		0AF8CA8A2BA034D90069DF7E /* Frameworks */ = {
			isa = PBXFrameworksBuildPhase;
			buildActionMask = 2147483647;
			files = (
				0A996BF52BADAE67002A7884 /* SnapKit in Frameworks */,
				0A996BF02BADAE5D002A7884 /* RswiftLibrary in Frameworks */,
				0A996BF22BADAE5D002A7884 /* rswift in Frameworks */,
			);
			runOnlyForDeploymentPostprocessing = 0;
		};
/* End PBXFrameworksBuildPhase section */

/* Begin PBXGroup section */
		0A0754DA2BA8783A000DD966 /* UsersDatabase */ = {
			isa = PBXGroup;
			children = (
				0A398E402BA8A0E800AA231C /* Models */,
				0A398E492BA8A85B00AA231C /* Services */,
			);
			path = UsersDatabase;
			sourceTree = "<group>";
		};
		0A0858772BAECDCA00A92BBE /* Protocols */ = {
			isa = PBXGroup;
			children = (
				0A159DB22BAC507D007862C5 /* IValidatable.swift */,
				0A0858742BAECDB300A92BBE /* Validator.swift */,
			);
			path = Protocols;
			sourceTree = "<group>";
		};
		0A159DB12BAC5006007862C5 /* Validating */ = {
			isa = PBXGroup;
			children = (
				0A0858772BAECDCA00A92BBE /* Protocols */,
				0A159DB52BAC5386007862C5 /* Validators.swift */,
			);
			path = Validating;
			sourceTree = "<group>";
		};
		0A3663052BA0BECF004FAE1D /* Storage */ = {
			isa = PBXGroup;
			children = (
				0A3663062BA0BED9004FAE1D /* UserDefaults.swift */,
			);
			path = Storage;
			sourceTree = "<group>";
		};
		0A3938B22BA8FA4100150F7F /* Views */ = {
			isa = PBXGroup;
			children = (
				0A3938B32BA8FA6800150F7F /* AuthHeaderView.swift */,
				0AF2940D2BA9C47C0075C11A /* CredentialInputView.swift */,
				0AF294132BA9D5680075C11A /* AuthTextField.swift */,
				0AF294302BAA50F50075C11A /* FooterButtonsView.swift */,
				0A3C3FBD2BAB175B00CDCFDF /* TermsTextView.swift */,
			);
			path = Views;
			sourceTree = "<group>";
		};
		0A398E402BA8A0E800AA231C /* Models */ = {
			isa = PBXGroup;
			children = (
				0A398E412BA8A0F300AA231C /* Response.swift */,
				0ABAAF482BB0A7A700F91A8D /* UserRequest */,
				0ABAAF4E2BB0A8D200F91A8D /* APIRequest */,
			);
			path = Models;
			sourceTree = "<group>";
		};
		0A398E492BA8A85B00AA231C /* Services */ = {
			isa = PBXGroup;
			children = (
				0A0754D82BA874CA000DD966 /* AuthService.swift */,
				0A398E4C2BA8A88800AA231C /* DataService.swift */,
				0A398E4A2BA8A86800AA231C /* IService.swift */,
			);
			path = Services;
			sourceTree = "<group>";
		};
		0A398E522BA8BC6F00AA231C /* Utilities */ = {
			isa = PBXGroup;
			children = (
				0A159DB12BAC5006007862C5 /* Validating */,
				0A398E532BA8BCA200AA231C /* Utilities.swift */,
				0A398E562BA8BCD300AA231C /* Alert.swift */,
			);
			path = Utilities;
			sourceTree = "<group>";
		};
		0A3C40142BAB94C000CDCFDF /* VenueWatchTests */ = {
			isa = PBXGroup;
			children = (
				0A3C401E2BAB957600CDCFDF /* ValidatorTests.swift */,
				0A87E19B2BB1F61C0030CC3D /* LoginViewModelTests.swift */,
				0A87E19E2BB1F71B0030CC3D /* LoginViewControllerTests.swift */,
				0A3489862BB2027A00DB46A7 /* BaseViewControllerTests.swift */,
			);
			path = VenueWatchTests;
			sourceTree = "<group>";
		};
		0A87E16E2BB1C4010030CC3D /* BaseCollectionViewController */ = {
			isa = PBXGroup;
			children = (
				0A87E16B2BB1C3E80030CC3D /* CollectionViewModel.swift */,
				0AF8CAEF2BA09DD10069DF7E /* CollectionViewController.swift */,
				0A87E1742BB1CB5F0030CC3D /* LabelCollectionViewCell.swift */,
				0A87E1702BB1C8220030CC3D /* BaseCollectionViewCell.swift */,
			);
			path = BaseCollectionViewController;
			sourceTree = "<group>";
		};
		0ABAAF482BB0A7A700F91A8D /* UserRequest */ = {
			isa = PBXGroup;
			children = (
				0A398E442BA8A10800AA231C /* UserRequest.swift */,
				0ABAAF4A2BB0A7BA00F91A8D /* SignIn.swift */,
				0ABAAF4C2BB0A7D800F91A8D /* SignUp.swift */,
			);
			path = UserRequest;
			sourceTree = "<group>";
		};
		0ABAAF4E2BB0A8D200F91A8D /* APIRequest */ = {
			isa = PBXGroup;
			children = (
				0A398E4E2BA8B17B00AA231C /* APIRequest.swift */,
				0ABAAF502BB0A8F200F91A8D /* APIRequest + ext.swift */,
			);
			path = APIRequest;
			sourceTree = "<group>";
		};
		0AC4CBA32BA987C500438E41 /* Apple */ = {
			isa = PBXGroup;
			children = (
				0AC4CBA52BA987D700438E41 /* AppleButtonsView.swift */,
				0A36630A2BA0C6C1004FAE1D /* AppleLoginService.swift */,
			);
			path = Apple;
			sourceTree = "<group>";
		};
		0AEA0F592BA7171D004B3BC6 /* Controllers */ = {
			isa = PBXGroup;
			children = (
				0A87E16E2BB1C4010030CC3D /* BaseCollectionViewController */,
				0A3C3FC02BAB1AE500CDCFDF /* WebViewerController.swift */,
				0A87E1622BB1B6970030CC3D /* BaseViewController.swift */,
			);
			path = Controllers;
			sourceTree = "<group>";
		};
		0AEA0F5A2BA71724004B3BC6 /* Views */ = {
			isa = PBXGroup;
			children = (
				0A3938AA2BA8DF1600150F7F /* BaseView.swift */,
				0A3938AF2BA8E21E00150F7F /* BaseLabel.swift */,
				0AC4CB9F2BA975B100438E41 /* BaseStackView.swift */,
				0AF294102BA9CEA60075C11A /* BaseTextField.swift */,
				0A3C3FB42BAAE84700CDCFDF /* BaseButton.swift */,
			);
			path = Views;
			sourceTree = "<group>";
		};
		0AF8CA842BA034D90069DF7E = {
			isa = PBXGroup;
			children = (
				0A0754B32BA848FA000DD966 /* CODE_OF_CONDUCT.md */,
				0AF8CAE92BA07D8F0069DF7E /* LICENSE */,
				0AF294172BA9E3110075C11A /* SECURITY.md */,
				0AF8CAED2BA07DE80069DF7E /* README.md */,
				0AF8CAEB2BA07DC90069DF7E /* .gitignore */,
				0AF8CA8F2BA034D90069DF7E /* VenueWatch */,
				0A3C40142BAB94C000CDCFDF /* VenueWatchTests */,
				0AF8CA8E2BA034D90069DF7E /* Products */,
			);
			sourceTree = "<group>";
		};
		0AF8CA8E2BA034D90069DF7E /* Products */ = {
			isa = PBXGroup;
			children = (
				0AF8CA8D2BA034D90069DF7E /* VenueWatch.app */,
				0A3C40132BAB94C000CDCFDF /* VenueWatchTests.xctest */,
			);
			name = Products;
			sourceTree = "<group>";
		};
		0AF8CA8F2BA034D90069DF7E /* VenueWatch */ = {
			isa = PBXGroup;
			children = (
				0A36630E2BA1B023004FAE1D /* VenueWatch.entitlements */,
				0AF8CAD72BA04A8A0069DF7E /* Helpers */,
				0AF8CAAA2BA039C90069DF7E /* Resources */,
				0AF8CAA42BA035E40069DF7E /* Application */,
				0AF8CACE2BA042DF0069DF7E /* Sources */,
				0AF8CACD2BA03D800069DF7E /* SupportingFiles */,
			);
			path = VenueWatch;
			sourceTree = "<group>";
		};
		0AF8CAA42BA035E40069DF7E /* Application */ = {
			isa = PBXGroup;
			children = (
				0AF8CA902BA034D90069DF7E /* AppDelegate.swift */,
				0AF8CA922BA034D90069DF7E /* SceneDelegate.swift */,
			);
			path = Application;
			sourceTree = "<group>";
		};
		0AF8CAA52BA035EF0069DF7E /* Navigation */ = {
			isa = PBXGroup;
			children = (
				0AF8CAA62BA0360B0069DF7E /* TabBarController.swift */,
				0AF8CAA82BA036450069DF7E /* NavigationController.swift */,
			);
			path = Navigation;
			sourceTree = "<group>";
		};
		0AF8CAAA2BA039C90069DF7E /* Resources */ = {
			isa = PBXGroup;
			children = (
				0AF8CAF62BA0ADA00069DF7E /* Localizables */,
				0AF8CAAF2BA03A790069DF7E /* Fonts */,
				0A3663082BA0C2C3004FAE1D /* App.swift */,
			);
			path = Resources;
			sourceTree = "<group>";
		};
		0AF8CAAF2BA03A790069DF7E /* Fonts */ = {
			isa = PBXGroup;
			children = (
				0AF8CABE2BA03B6C0069DF7E /* Rubik */,
			);
			path = Fonts;
			sourceTree = "<group>";
		};
		0AF8CABE2BA03B6C0069DF7E /* Rubik */ = {
			isa = PBXGroup;
			children = (
				0AF8CAB02BA03B6C0069DF7E /* Rubik-Black.ttf */,
				0AF8CAB12BA03B6C0069DF7E /* Rubik-BlackItalic.ttf */,
				0AF8CAB22BA03B6C0069DF7E /* Rubik-Bold.ttf */,
				0AF8CAB32BA03B6C0069DF7E /* Rubik-BoldItalic.ttf */,
				0AF8CAB62BA03B6C0069DF7E /* Rubik-Italic.ttf */,
				0AF8CAB72BA03B6C0069DF7E /* Rubik-Light.ttf */,
				0AF8CAB82BA03B6C0069DF7E /* Rubik-LightItalic.ttf */,
				0AF8CAB92BA03B6C0069DF7E /* Rubik-Medium.ttf */,
				0AF8CABA2BA03B6C0069DF7E /* Rubik-MediumItalic.ttf */,
				0AF8CABB2BA03B6C0069DF7E /* Rubik-Regular.ttf */,
			);
			path = Rubik;
			sourceTree = "<group>";
		};
		0AF8CACD2BA03D800069DF7E /* SupportingFiles */ = {
			isa = PBXGroup;
			children = (
				0AF8CA992BA034DB0069DF7E /* Assets.xcassets */,
				0AF8CA9B2BA034DB0069DF7E /* LaunchScreen.storyboard */,
				0AF8CA9E2BA034DB0069DF7E /* Info.plist */,
			);
			path = SupportingFiles;
			sourceTree = "<group>";
		};
		0AF8CACE2BA042DF0069DF7E /* Sources */ = {
			isa = PBXGroup;
			children = (
				0AF8CAF32BA0AC6B0069DF7E /* Login */,
				0AF8CAA52BA035EF0069DF7E /* Navigation */,
				0AF8CADE2BA04F920069DF7E /* Notes */,
				0AF8CADD2BA04F8E0069DF7E /* Map */,
				0AF8CADC2BA04F840069DF7E /* Friends */,
				0AF8CADB2BA04F7B0069DF7E /* Profile */,
				0AF8CACF2BA043040069DF7E /* Bases */,
			);
			path = Sources;
			sourceTree = "<group>";
		};
		0AF8CACF2BA043040069DF7E /* Bases */ = {
			isa = PBXGroup;
			children = (
				0AEA0F5A2BA71724004B3BC6 /* Views */,
				0AEA0F592BA7171D004B3BC6 /* Controllers */,
			);
			path = Bases;
			sourceTree = "<group>";
		};
		0AF8CAD72BA04A8A0069DF7E /* Helpers */ = {
			isa = PBXGroup;
			children = (
				0A398E522BA8BC6F00AA231C /* Utilities */,
				0A3663052BA0BECF004FAE1D /* Storage */,
				0AF8CAD82BA04A920069DF7E /* Extensions */,
			);
			path = Helpers;
			sourceTree = "<group>";
		};
		0AF8CAD82BA04A920069DF7E /* Extensions */ = {
			isa = PBXGroup;
			children = (
				0AF8CAD92BA04AA00069DF7E /* UIView + ext.swift */,
				0A36630C2BA0CA11004FAE1D /* UIApplication + ext.swift */,
				0A87E1772BB1D92A0030CC3D /* UICollectionView + ext.swift */,
				0A87E17A2BB1DB8F0030CC3D /* UICollectionViewCell + ext.swift */,
			);
			path = Extensions;
			sourceTree = "<group>";
		};
		0AF8CADB2BA04F7B0069DF7E /* Profile */ = {
			isa = PBXGroup;
			children = (
				0AF8CAE52BA0500E0069DF7E /* ProfileViewController.swift */,
				0A87E1672BB1C1FA0030CC3D /* ProfileViewModel.swift */,
			);
			path = Profile;
			sourceTree = "<group>";
		};
		0AF8CADC2BA04F840069DF7E /* Friends */ = {
			isa = PBXGroup;
			children = (
				0AF8CAE32BA04FFB0069DF7E /* FriendsViewController.swift */,
				0A87E1692BB1C26A0030CC3D /* FriendsViewModel.swift */,
			);
			path = Friends;
			sourceTree = "<group>";
		};
		0AF8CADD2BA04F8E0069DF7E /* Map */ = {
			isa = PBXGroup;
			children = (
				0AF8CAE12BA04FE50069DF7E /* MapViewController.swift */,
				0A87E1802BB1DDB30030CC3D /* MapViewModel.swift */,
			);
			path = Map;
			sourceTree = "<group>";
		};
		0AF8CADE2BA04F920069DF7E /* Notes */ = {
			isa = PBXGroup;
			children = (
				0AF8CADF2BA04FCB0069DF7E /* NotesViewController.swift */,
				0A87E1822BB1E1E40030CC3D /* NotesCollectionViewCell.swift */,
				0A87E17D2BB1DD9E0030CC3D /* NotesViewModel.swift */,
			);
			path = Notes;
			sourceTree = "<group>";
		};
		0AF8CAF32BA0AC6B0069DF7E /* Login */ = {
			isa = PBXGroup;
			children = (
				0A3938B22BA8FA4100150F7F /* Views */,
				0AC4CBA32BA987C500438E41 /* Apple */,
				0A0754DA2BA8783A000DD966 /* UsersDatabase */,
				0A87E1852BB1E4080030CC3D /* LoginViewModel.swift */,
				0A3C3FA92BAAD88400CDCFDF /* LoginViewController.swift */,
			);
			path = Login;
			sourceTree = "<group>";
		};
		0AF8CAF62BA0ADA00069DF7E /* Localizables */ = {
			isa = PBXGroup;
			children = (
				0A3662FD2BA0BA88004FAE1D /* Localization.strings */,
			);
			path = Localizables;
			sourceTree = "<group>";
		};
/* End PBXGroup section */

/* Begin PBXNativeTarget section */
		0A3C40122BAB94C000CDCFDF /* VenueWatchTests */ = {
			isa = PBXNativeTarget;
			buildConfigurationList = 0A3C40192BAB94C000CDCFDF /* Build configuration list for PBXNativeTarget "VenueWatchTests" */;
			buildPhases = (
				0A3C400F2BAB94C000CDCFDF /* Sources */,
				0A3C40102BAB94C000CDCFDF /* Frameworks */,
				0A3C40112BAB94C000CDCFDF /* Resources */,
			);
			buildRules = (
			);
			dependencies = (
				0A3C40182BAB94C000CDCFDF /* PBXTargetDependency */,
			);
			name = VenueWatchTests;
			productName = VenueWatchTests;
			productReference = 0A3C40132BAB94C000CDCFDF /* VenueWatchTests.xctest */;
			productType = "com.apple.product-type.bundle.unit-test";
		};
		0AF8CA8C2BA034D90069DF7E /* VenueWatch */ = {
			isa = PBXNativeTarget;
			buildConfigurationList = 0AF8CAA12BA034DB0069DF7E /* Build configuration list for PBXNativeTarget "VenueWatch" */;
			buildPhases = (
				0AF8CA892BA034D90069DF7E /* Sources */,
				0AF8CA8A2BA034D90069DF7E /* Frameworks */,
				0AF8CA8B2BA034D90069DF7E /* Resources */,
			);
			buildRules = (
			);
			dependencies = (
				0A0754E92BA886C3000DD966 /* PBXTargetDependency */,
			);
			name = VenueWatch;
			packageProductDependencies = (
				0A996BEF2BADAE5D002A7884 /* RswiftLibrary */,
				0A996BF12BADAE5D002A7884 /* rswift */,
				0A996BF42BADAE67002A7884 /* SnapKit */,
			);
			productName = VenueWatch;
			productReference = 0AF8CA8D2BA034D90069DF7E /* VenueWatch.app */;
			productType = "com.apple.product-type.application";
		};
/* End PBXNativeTarget section */

/* Begin PBXProject section */
		0AF8CA852BA034D90069DF7E /* Project object */ = {
			isa = PBXProject;
			attributes = {
				BuildIndependentTargetsInParallel = 1;
				LastSwiftUpdateCheck = 1530;
				LastUpgradeCheck = 1530;
				TargetAttributes = {
					0A3C40122BAB94C000CDCFDF = {
						CreatedOnToolsVersion = 15.3;
						TestTargetID = 0AF8CA8C2BA034D90069DF7E;
					};
					0AF8CA8C2BA034D90069DF7E = {
						CreatedOnToolsVersion = 15.3;
					};
				};
			};
			buildConfigurationList = 0AF8CA882BA034D90069DF7E /* Build configuration list for PBXProject "VenueWatch" */;
			compatibilityVersion = "Xcode 14.0";
			developmentRegion = en;
			hasScannedForEncodings = 0;
			knownRegions = (
				en,
				ru,
			);
			mainGroup = 0AF8CA842BA034D90069DF7E;
			packageReferences = (
				0A996BEE2BADAE5D002A7884 /* XCRemoteSwiftPackageReference "R.swift" */,
				0A996BF32BADAE67002A7884 /* XCRemoteSwiftPackageReference "SnapKit" */,
			);
			productRefGroup = 0AF8CA8E2BA034D90069DF7E /* Products */;
			projectDirPath = "";
			projectRoot = "";
			targets = (
				0AF8CA8C2BA034D90069DF7E /* VenueWatch */,
				0A3C40122BAB94C000CDCFDF /* VenueWatchTests */,
			);
		};
/* End PBXProject section */

/* Begin PBXResourcesBuildPhase section */
		0A3C40112BAB94C000CDCFDF /* Resources */ = {
			isa = PBXResourcesBuildPhase;
			buildActionMask = 2147483647;
			files = (
			);
			runOnlyForDeploymentPostprocessing = 0;
		};
		0AF8CA8B2BA034D90069DF7E /* Resources */ = {
			isa = PBXResourcesBuildPhase;
			buildActionMask = 2147483647;
			files = (
				0A3662FF2BA0BA88004FAE1D /* Localization.strings in Resources */,
				0AF8CAEC2BA07DC90069DF7E /* .gitignore in Resources */,
				0AF294182BA9E3110075C11A /* SECURITY.md in Resources */,
				0AF8CABF2BA03B6C0069DF7E /* Rubik-Black.ttf in Resources */,
				0AF8CACA2BA03B6C0069DF7E /* Rubik-Regular.ttf in Resources */,
				0AF8CAC22BA03B6C0069DF7E /* Rubik-BoldItalic.ttf in Resources */,
				0AF8CAC82BA03B6C0069DF7E /* Rubik-Medium.ttf in Resources */,
				0AF8CAC72BA03B6C0069DF7E /* Rubik-LightItalic.ttf in Resources */,
				0AF8CA9A2BA034DB0069DF7E /* Assets.xcassets in Resources */,
				0AF8CAC02BA03B6C0069DF7E /* Rubik-BlackItalic.ttf in Resources */,
				0AF8CAC52BA03B6C0069DF7E /* Rubik-Italic.ttf in Resources */,
				0A0754B42BA848FA000DD966 /* CODE_OF_CONDUCT.md in Resources */,
				0AF8CAEE2BA07DE80069DF7E /* README.md in Resources */,
				0AF8CAEA2BA07D8F0069DF7E /* LICENSE in Resources */,
				0AF8CAC92BA03B6C0069DF7E /* Rubik-MediumItalic.ttf in Resources */,
				0AF8CAC62BA03B6C0069DF7E /* Rubik-Light.ttf in Resources */,
				0AF8CAC12BA03B6C0069DF7E /* Rubik-Bold.ttf in Resources */,
			);
			runOnlyForDeploymentPostprocessing = 0;
		};
/* End PBXResourcesBuildPhase section */

/* Begin PBXSourcesBuildPhase section */
		0A3C400F2BAB94C000CDCFDF /* Sources */ = {
			isa = PBXSourcesBuildPhase;
			buildActionMask = 2147483647;
			files = (
				0A87E19F2BB1F71B0030CC3D /* LoginViewControllerTests.swift in Sources */,
				0A3489872BB2027A00DB46A7 /* BaseViewControllerTests.swift in Sources */,
				0A3C401F2BAB957600CDCFDF /* ValidatorTests.swift in Sources */,
				0A87E19C2BB1F61C0030CC3D /* LoginViewModelTests.swift in Sources */,
			);
			runOnlyForDeploymentPostprocessing = 0;
		};
		0AF8CA892BA034D90069DF7E /* Sources */ = {
			isa = PBXSourcesBuildPhase;
			buildActionMask = 2147483647;
			files = (
				0AF2940E2BA9C47C0075C11A /* CredentialInputView.swift in Sources */,
				0A3C3FBE2BAB175B00CDCFDF /* TermsTextView.swift in Sources */,
				0AF8CAF02BA09DD10069DF7E /* CollectionViewController.swift in Sources */,
				0A3938B02BA8E21E00150F7F /* BaseLabel.swift in Sources */,
				0A3938AB2BA8DF1600150F7F /* BaseView.swift in Sources */,
				0AF8CAA72BA0360B0069DF7E /* TabBarController.swift in Sources */,
				0AF8CADA2BA04AA00069DF7E /* UIView + ext.swift in Sources */,
				0A398E572BA8BCD300AA231C /* Alert.swift in Sources */,
				0A87E1862BB1E4080030CC3D /* LoginViewModel.swift in Sources */,
				0A3663092BA0C2C3004FAE1D /* App.swift in Sources */,
				0A0754D92BA874CA000DD966 /* AuthService.swift in Sources */,
				0A87E16C2BB1C3E80030CC3D /* CollectionViewModel.swift in Sources */,
				0ABAAF4B2BB0A7BA00F91A8D /* SignIn.swift in Sources */,
				0A398E4D2BA8A88800AA231C /* DataService.swift in Sources */,
				0A398E542BA8BCA200AA231C /* Utilities.swift in Sources */,
				0AF8CAE22BA04FE50069DF7E /* MapViewController.swift in Sources */,
				0A87E1752BB1CB5F0030CC3D /* LabelCollectionViewCell.swift in Sources */,
				0AF8CAA92BA036450069DF7E /* NavigationController.swift in Sources */,
				0A87E1782BB1D92A0030CC3D /* UICollectionView + ext.swift in Sources */,
				0A3C3FC12BAB1AE500CDCFDF /* WebViewerController.swift in Sources */,
				0A3C3FB52BAAE84700CDCFDF /* BaseButton.swift in Sources */,
				0A87E17E2BB1DD9E0030CC3D /* NotesViewModel.swift in Sources */,
				0A3938B42BA8FA6800150F7F /* AuthHeaderView.swift in Sources */,
				0A87E1682BB1C1FA0030CC3D /* ProfileViewModel.swift in Sources */,
				0A36630B2BA0C6C1004FAE1D /* AppleLoginService.swift in Sources */,
				0AF8CA912BA034D90069DF7E /* AppDelegate.swift in Sources */,
				0AF294312BAA50F50075C11A /* FooterButtonsView.swift in Sources */,
				0AF8CAE62BA0500E0069DF7E /* ProfileViewController.swift in Sources */,
				0A159DB32BAC507D007862C5 /* IValidatable.swift in Sources */,
				0ABAAF4D2BB0A7D800F91A8D /* SignUp.swift in Sources */,
				0A87E16A2BB1C26A0030CC3D /* FriendsViewModel.swift in Sources */,
				0A87E1632BB1B6970030CC3D /* BaseViewController.swift in Sources */,
				0AF294112BA9CEA60075C11A /* BaseTextField.swift in Sources */,
				0A87E17B2BB1DB8F0030CC3D /* UICollectionViewCell + ext.swift in Sources */,
				0AF8CAE42BA04FFB0069DF7E /* FriendsViewController.swift in Sources */,
				0A398E4B2BA8A86800AA231C /* IService.swift in Sources */,
				0AF294142BA9D5680075C11A /* AuthTextField.swift in Sources */,
				0A87E1712BB1C8220030CC3D /* BaseCollectionViewCell.swift in Sources */,
				0A159DB62BAC5386007862C5 /* Validators.swift in Sources */,
				0A36630D2BA0CA11004FAE1D /* UIApplication + ext.swift in Sources */,
				0A3C3FAA2BAAD88400CDCFDF /* LoginViewController.swift in Sources */,
				0ABAAF512BB0A8F200F91A8D /* APIRequest + ext.swift in Sources */,
				0AC4CBA62BA987D700438E41 /* AppleButtonsView.swift in Sources */,
				0A87E1812BB1DDB30030CC3D /* MapViewModel.swift in Sources */,
				0A398E422BA8A0F300AA231C /* Response.swift in Sources */,
				0A0858752BAECDB300A92BBE /* Validator.swift in Sources */,
				0AF8CAE02BA04FCB0069DF7E /* NotesViewController.swift in Sources */,
				0AF8CA932BA034D90069DF7E /* SceneDelegate.swift in Sources */,
				0A398E4F2BA8B17B00AA231C /* APIRequest.swift in Sources */,
				0A398E452BA8A10800AA231C /* UserRequest.swift in Sources */,
				0A3663072BA0BED9004FAE1D /* UserDefaults.swift in Sources */,
				0A87E1832BB1E1E40030CC3D /* NotesCollectionViewCell.swift in Sources */,
				0AC4CBA02BA975B100438E41 /* BaseStackView.swift in Sources */,
			);
			runOnlyForDeploymentPostprocessing = 0;
		};
/* End PBXSourcesBuildPhase section */

/* Begin PBXTargetDependency section */
		0A0754E92BA886C3000DD966 /* PBXTargetDependency */ = {
			isa = PBXTargetDependency;
			productRef = 0A0754E82BA886C3000DD966 /* RswiftGenerateInternalResources */;
		};
		0A3C40182BAB94C000CDCFDF /* PBXTargetDependency */ = {
			isa = PBXTargetDependency;
			target = 0AF8CA8C2BA034D90069DF7E /* VenueWatch */;
			targetProxy = 0A3C40172BAB94C000CDCFDF /* PBXContainerItemProxy */;
		};
/* End PBXTargetDependency section */

/* Begin PBXVariantGroup section */
		0A3662FD2BA0BA88004FAE1D /* Localization.strings */ = {
			isa = PBXVariantGroup;
			children = (
				0A3662FE2BA0BA88004FAE1D /* en */,
				0A3663032BA0BD6C004FAE1D /* ru */,
			);
			name = Localization.strings;
			sourceTree = "<group>";
		};
		0AF8CA9B2BA034DB0069DF7E /* LaunchScreen.storyboard */ = {
			isa = PBXVariantGroup;
			children = (
				0A3662FC2BA0B50D004FAE1D /* en */,
			);
			name = LaunchScreen.storyboard;
			sourceTree = "<group>";
		};
/* End PBXVariantGroup section */

/* Begin XCBuildConfiguration section */
		0A3C401A2BAB94C000CDCFDF /* Debug */ = {
			isa = XCBuildConfiguration;
			buildSettings = {
				BUNDLE_LOADER = "$(TEST_HOST)";
				CODE_SIGN_STYLE = Automatic;
				CURRENT_PROJECT_VERSION = 1;
				DEVELOPMENT_TEAM = 653PNCT9WW;
				ENABLE_USER_SCRIPT_SANDBOXING = YES;
				GENERATE_INFOPLIST_FILE = YES;
				IPHONEOS_DEPLOYMENT_TARGET = 15.0;
				MARKETING_VERSION = 1.0;
				PRODUCT_BUNDLE_IDENTIFIER = zipozt.VenueWatchTests;
				PRODUCT_NAME = "$(TARGET_NAME)";
				SWIFT_EMIT_LOC_STRINGS = NO;
				SWIFT_VERSION = 5.0;
				TARGETED_DEVICE_FAMILY = "1,2";
				TEST_HOST = "$(BUILT_PRODUCTS_DIR)/VenueWatch.app/$(BUNDLE_EXECUTABLE_FOLDER_PATH)/VenueWatch";
			};
			name = Debug;
		};
		0A3C401B2BAB94C000CDCFDF /* Release */ = {
			isa = XCBuildConfiguration;
			buildSettings = {
				BUNDLE_LOADER = "$(TEST_HOST)";
				CODE_SIGN_STYLE = Automatic;
				CURRENT_PROJECT_VERSION = 1;
				DEVELOPMENT_TEAM = 653PNCT9WW;
				ENABLE_USER_SCRIPT_SANDBOXING = YES;
				GENERATE_INFOPLIST_FILE = YES;
				IPHONEOS_DEPLOYMENT_TARGET = 15.0;
				MARKETING_VERSION = 1.0;
				PRODUCT_BUNDLE_IDENTIFIER = zipozt.VenueWatchTests;
				PRODUCT_NAME = "$(TARGET_NAME)";
				SWIFT_EMIT_LOC_STRINGS = NO;
				SWIFT_VERSION = 5.0;
				TARGETED_DEVICE_FAMILY = "1,2";
				TEST_HOST = "$(BUILT_PRODUCTS_DIR)/VenueWatch.app/$(BUNDLE_EXECUTABLE_FOLDER_PATH)/VenueWatch";
			};
			name = Release;
		};
		0AF8CA9F2BA034DB0069DF7E /* Debug */ = {
			isa = XCBuildConfiguration;
			buildSettings = {
				ALWAYS_SEARCH_USER_PATHS = NO;
				ASSETCATALOG_COMPILER_GENERATE_SWIFT_ASSET_SYMBOL_EXTENSIONS = YES;
				CLANG_ANALYZER_LOCALIZABILITY_NONLOCALIZED = YES;
				CLANG_ANALYZER_NONNULL = YES;
				CLANG_ANALYZER_NUMBER_OBJECT_CONVERSION = YES_AGGRESSIVE;
				CLANG_CXX_LANGUAGE_STANDARD = "gnu++20";
				CLANG_ENABLE_MODULES = YES;
				CLANG_ENABLE_OBJC_ARC = YES;
				CLANG_ENABLE_OBJC_WEAK = YES;
				CLANG_WARN_BLOCK_CAPTURE_AUTORELEASING = YES;
				CLANG_WARN_BOOL_CONVERSION = YES;
				CLANG_WARN_COMMA = YES;
				CLANG_WARN_CONSTANT_CONVERSION = YES;
				CLANG_WARN_DEPRECATED_OBJC_IMPLEMENTATIONS = YES;
				CLANG_WARN_DIRECT_OBJC_ISA_USAGE = YES_ERROR;
				CLANG_WARN_DOCUMENTATION_COMMENTS = YES;
				CLANG_WARN_EMPTY_BODY = YES;
				CLANG_WARN_ENUM_CONVERSION = YES;
				CLANG_WARN_INFINITE_RECURSION = YES;
				CLANG_WARN_INT_CONVERSION = YES;
				CLANG_WARN_NON_LITERAL_NULL_CONVERSION = YES;
				CLANG_WARN_OBJC_IMPLICIT_RETAIN_SELF = YES;
				CLANG_WARN_OBJC_LITERAL_CONVERSION = YES;
				CLANG_WARN_OBJC_ROOT_CLASS = YES_ERROR;
				CLANG_WARN_QUOTED_INCLUDE_IN_FRAMEWORK_HEADER = YES;
				CLANG_WARN_RANGE_LOOP_ANALYSIS = YES;
				CLANG_WARN_STRICT_PROTOTYPES = YES;
				CLANG_WARN_SUSPICIOUS_MOVE = YES;
				CLANG_WARN_UNGUARDED_AVAILABILITY = YES_AGGRESSIVE;
				CLANG_WARN_UNREACHABLE_CODE = YES;
				CLANG_WARN__DUPLICATE_METHOD_MATCH = YES;
				COPY_PHASE_STRIP = NO;
				DEBUG_INFORMATION_FORMAT = dwarf;
				ENABLE_STRICT_OBJC_MSGSEND = YES;
				ENABLE_TESTABILITY = YES;
				ENABLE_USER_SCRIPT_SANDBOXING = NO;
				GCC_C_LANGUAGE_STANDARD = gnu17;
				GCC_DYNAMIC_NO_PIC = NO;
				GCC_NO_COMMON_BLOCKS = YES;
				GCC_OPTIMIZATION_LEVEL = 0;
				GCC_PREPROCESSOR_DEFINITIONS = (
					"DEBUG=1",
					"$(inherited)",
				);
				GCC_WARN_64_TO_32_BIT_CONVERSION = YES;
				GCC_WARN_ABOUT_RETURN_TYPE = YES_ERROR;
				GCC_WARN_UNDECLARED_SELECTOR = YES;
				GCC_WARN_UNINITIALIZED_AUTOS = YES_AGGRESSIVE;
				GCC_WARN_UNUSED_FUNCTION = YES;
				GCC_WARN_UNUSED_VARIABLE = YES;
				IPHONEOS_DEPLOYMENT_TARGET = 15.0;
				LOCALIZATION_PREFERS_STRING_CATALOGS = YES;
				MTL_ENABLE_DEBUG_INFO = INCLUDE_SOURCE;
				MTL_FAST_MATH = YES;
				ONLY_ACTIVE_ARCH = YES;
				SDKROOT = iphoneos;
				SWIFT_ACTIVE_COMPILATION_CONDITIONS = "DEBUG $(inherited)";
				SWIFT_OPTIMIZATION_LEVEL = "-Onone";
			};
			name = Debug;
		};
		0AF8CAA02BA034DB0069DF7E /* Release */ = {
			isa = XCBuildConfiguration;
			buildSettings = {
				ALWAYS_SEARCH_USER_PATHS = NO;
				ASSETCATALOG_COMPILER_GENERATE_SWIFT_ASSET_SYMBOL_EXTENSIONS = YES;
				CLANG_ANALYZER_LOCALIZABILITY_NONLOCALIZED = YES;
				CLANG_ANALYZER_NONNULL = YES;
				CLANG_ANALYZER_NUMBER_OBJECT_CONVERSION = YES_AGGRESSIVE;
				CLANG_CXX_LANGUAGE_STANDARD = "gnu++20";
				CLANG_ENABLE_MODULES = YES;
				CLANG_ENABLE_OBJC_ARC = YES;
				CLANG_ENABLE_OBJC_WEAK = YES;
				CLANG_WARN_BLOCK_CAPTURE_AUTORELEASING = YES;
				CLANG_WARN_BOOL_CONVERSION = YES;
				CLANG_WARN_COMMA = YES;
				CLANG_WARN_CONSTANT_CONVERSION = YES;
				CLANG_WARN_DEPRECATED_OBJC_IMPLEMENTATIONS = YES;
				CLANG_WARN_DIRECT_OBJC_ISA_USAGE = YES_ERROR;
				CLANG_WARN_DOCUMENTATION_COMMENTS = YES;
				CLANG_WARN_EMPTY_BODY = YES;
				CLANG_WARN_ENUM_CONVERSION = YES;
				CLANG_WARN_INFINITE_RECURSION = YES;
				CLANG_WARN_INT_CONVERSION = YES;
				CLANG_WARN_NON_LITERAL_NULL_CONVERSION = YES;
				CLANG_WARN_OBJC_IMPLICIT_RETAIN_SELF = YES;
				CLANG_WARN_OBJC_LITERAL_CONVERSION = YES;
				CLANG_WARN_OBJC_ROOT_CLASS = YES_ERROR;
				CLANG_WARN_QUOTED_INCLUDE_IN_FRAMEWORK_HEADER = YES;
				CLANG_WARN_RANGE_LOOP_ANALYSIS = YES;
				CLANG_WARN_STRICT_PROTOTYPES = YES;
				CLANG_WARN_SUSPICIOUS_MOVE = YES;
				CLANG_WARN_UNGUARDED_AVAILABILITY = YES_AGGRESSIVE;
				CLANG_WARN_UNREACHABLE_CODE = YES;
				CLANG_WARN__DUPLICATE_METHOD_MATCH = YES;
				COPY_PHASE_STRIP = NO;
				DEBUG_INFORMATION_FORMAT = "dwarf-with-dsym";
				ENABLE_NS_ASSERTIONS = NO;
				ENABLE_STRICT_OBJC_MSGSEND = YES;
				ENABLE_USER_SCRIPT_SANDBOXING = NO;
				GCC_C_LANGUAGE_STANDARD = gnu17;
				GCC_NO_COMMON_BLOCKS = YES;
				GCC_WARN_64_TO_32_BIT_CONVERSION = YES;
				GCC_WARN_ABOUT_RETURN_TYPE = YES_ERROR;
				GCC_WARN_UNDECLARED_SELECTOR = YES;
				GCC_WARN_UNINITIALIZED_AUTOS = YES_AGGRESSIVE;
				GCC_WARN_UNUSED_FUNCTION = YES;
				GCC_WARN_UNUSED_VARIABLE = YES;
				IPHONEOS_DEPLOYMENT_TARGET = 15.0;
				LOCALIZATION_PREFERS_STRING_CATALOGS = YES;
				MTL_ENABLE_DEBUG_INFO = NO;
				MTL_FAST_MATH = YES;
				SDKROOT = iphoneos;
				SWIFT_COMPILATION_MODE = wholemodule;
				VALIDATE_PRODUCT = YES;
			};
			name = Release;
		};
		0AF8CAA22BA034DB0069DF7E /* Debug */ = {
			isa = XCBuildConfiguration;
			buildSettings = {
				ASSETCATALOG_COMPILER_APPICON_NAME = AppIcon;
				ASSETCATALOG_COMPILER_GLOBAL_ACCENT_COLOR_NAME = AccentColor;
				CODE_SIGN_ENTITLEMENTS = VenueWatch/VenueWatch.entitlements;
				CODE_SIGN_IDENTITY = "Apple Development";
				CODE_SIGN_STYLE = Automatic;
				CURRENT_PROJECT_VERSION = 1;
				DEVELOPMENT_TEAM = 653PNCT9WW;
				GENERATE_INFOPLIST_FILE = YES;
				INFOPLIST_FILE = VenueWatch/SupportingFiles/Info.plist;
				INFOPLIST_KEY_LSApplicationCategoryType = "public.app-category.utilities";
				INFOPLIST_KEY_UIApplicationSupportsIndirectInputEvents = YES;
				INFOPLIST_KEY_UILaunchStoryboardName = LaunchScreen;
				INFOPLIST_KEY_UISupportedInterfaceOrientations = "UIInterfaceOrientationPortrait UIInterfaceOrientationPortraitUpsideDown";
				INFOPLIST_KEY_UISupportedInterfaceOrientations_iPad = "UIInterfaceOrientationLandscapeLeft UIInterfaceOrientationLandscapeRight UIInterfaceOrientationPortrait UIInterfaceOrientationPortraitUpsideDown";
				LD_RUNPATH_SEARCH_PATHS = (
					"$(inherited)",
					"@executable_path/Frameworks",
				);
				MARKETING_VERSION = 1.0;
				OTHER_LDFLAGS = "-ObjC";
				PRODUCT_BUNDLE_IDENTIFIER = zipozt.VenueWatch;
				PRODUCT_NAME = "$(TARGET_NAME)";
				PROVISIONING_PROFILE_SPECIFIER = "";
				SWIFT_EMIT_LOC_STRINGS = YES;
				SWIFT_VERSION = 5.0;
				TARGETED_DEVICE_FAMILY = "1,2";
			};
			name = Debug;
		};
		0AF8CAA32BA034DB0069DF7E /* Release */ = {
			isa = XCBuildConfiguration;
			buildSettings = {
				ASSETCATALOG_COMPILER_APPICON_NAME = AppIcon;
				ASSETCATALOG_COMPILER_GLOBAL_ACCENT_COLOR_NAME = AccentColor;
				CODE_SIGN_ENTITLEMENTS = VenueWatch/VenueWatch.entitlements;
				CODE_SIGN_IDENTITY = "Apple Development";
				CODE_SIGN_STYLE = Automatic;
				CURRENT_PROJECT_VERSION = 1;
				DEVELOPMENT_TEAM = 653PNCT9WW;
				GENERATE_INFOPLIST_FILE = YES;
				INFOPLIST_FILE = VenueWatch/SupportingFiles/Info.plist;
				INFOPLIST_KEY_LSApplicationCategoryType = "public.app-category.utilities";
				INFOPLIST_KEY_UIApplicationSupportsIndirectInputEvents = YES;
				INFOPLIST_KEY_UILaunchStoryboardName = LaunchScreen;
				INFOPLIST_KEY_UISupportedInterfaceOrientations = "UIInterfaceOrientationPortrait UIInterfaceOrientationPortraitUpsideDown";
				INFOPLIST_KEY_UISupportedInterfaceOrientations_iPad = "UIInterfaceOrientationLandscapeLeft UIInterfaceOrientationLandscapeRight UIInterfaceOrientationPortrait UIInterfaceOrientationPortraitUpsideDown";
				LD_RUNPATH_SEARCH_PATHS = (
					"$(inherited)",
					"@executable_path/Frameworks",
				);
				MARKETING_VERSION = 1.0;
				OTHER_LDFLAGS = "-ObjC";
				PRODUCT_BUNDLE_IDENTIFIER = zipozt.VenueWatch;
				PRODUCT_NAME = "$(TARGET_NAME)";
				PROVISIONING_PROFILE_SPECIFIER = "";
				SWIFT_EMIT_LOC_STRINGS = YES;
				SWIFT_VERSION = 5.0;
				TARGETED_DEVICE_FAMILY = "1,2";
			};
			name = Release;
		};
/* End XCBuildConfiguration section */

/* Begin XCConfigurationList section */
		0A3C40192BAB94C000CDCFDF /* Build configuration list for PBXNativeTarget "VenueWatchTests" */ = {
			isa = XCConfigurationList;
			buildConfigurations = (
				0A3C401A2BAB94C000CDCFDF /* Debug */,
				0A3C401B2BAB94C000CDCFDF /* Release */,
			);
			defaultConfigurationIsVisible = 0;
			defaultConfigurationName = Release;
		};
		0AF8CA882BA034D90069DF7E /* Build configuration list for PBXProject "VenueWatch" */ = {
			isa = XCConfigurationList;
			buildConfigurations = (
				0AF8CA9F2BA034DB0069DF7E /* Debug */,
				0AF8CAA02BA034DB0069DF7E /* Release */,
			);
			defaultConfigurationIsVisible = 0;
			defaultConfigurationName = Release;
		};
		0AF8CAA12BA034DB0069DF7E /* Build configuration list for PBXNativeTarget "VenueWatch" */ = {
			isa = XCConfigurationList;
			buildConfigurations = (
				0AF8CAA22BA034DB0069DF7E /* Debug */,
				0AF8CAA32BA034DB0069DF7E /* Release */,
			);
			defaultConfigurationIsVisible = 0;
			defaultConfigurationName = Release;
		};
/* End XCConfigurationList section */

/* Begin XCRemoteSwiftPackageReference section */
		0A0754E52BA885D4000DD966 /* XCRemoteSwiftPackageReference "R.swift" */ = {
			isa = XCRemoteSwiftPackageReference;
			repositoryURL = "https://github.com/mac-cain13/R.swift.git";
			requirement = {
				kind = upToNextMajorVersion;
				minimumVersion = 7.5.0;
			};
		};
		0A996BEE2BADAE5D002A7884 /* XCRemoteSwiftPackageReference "R.swift" */ = {
			isa = XCRemoteSwiftPackageReference;
			repositoryURL = "https://github.com/mac-cain13/R.swift.git";
			requirement = {
				kind = upToNextMajorVersion;
				minimumVersion = 7.5.0;
			};
		};
		0A996BF32BADAE67002A7884 /* XCRemoteSwiftPackageReference "SnapKit" */ = {
			isa = XCRemoteSwiftPackageReference;
			repositoryURL = "https://github.com/SnapKit/SnapKit";
			requirement = {
				kind = upToNextMajorVersion;
				minimumVersion = 5.7.1;
			};
		};
/* End XCRemoteSwiftPackageReference section */

/* Begin XCSwiftPackageProductDependency section */
		0A0754E82BA886C3000DD966 /* RswiftGenerateInternalResources */ = {
			isa = XCSwiftPackageProductDependency;
			package = 0A0754E52BA885D4000DD966 /* XCRemoteSwiftPackageReference "R.swift" */;
			productName = "plugin:RswiftGenerateInternalResources";
		};
		0A996BEF2BADAE5D002A7884 /* RswiftLibrary */ = {
			isa = XCSwiftPackageProductDependency;
			package = 0A996BEE2BADAE5D002A7884 /* XCRemoteSwiftPackageReference "R.swift" */;
			productName = RswiftLibrary;
		};
		0A996BF12BADAE5D002A7884 /* rswift */ = {
			isa = XCSwiftPackageProductDependency;
			package = 0A996BEE2BADAE5D002A7884 /* XCRemoteSwiftPackageReference "R.swift" */;
			productName = rswift;
		};
		0A996BF42BADAE67002A7884 /* SnapKit */ = {
			isa = XCSwiftPackageProductDependency;
			package = 0A996BF32BADAE67002A7884 /* XCRemoteSwiftPackageReference "SnapKit" */;
			productName = SnapKit;
		};
/* End XCSwiftPackageProductDependency section */
	};
	rootObject = 0AF8CA852BA034D90069DF7E /* Project object */;
}
