PODS:
  - R.swift (7.3.2)
  - SnapKit (5.6.0)

DEPENDENCIES:
  - R.swift (~> 7.0)
  - SnapKit

SPEC REPOS:
  trunk:
    - R.swift
    - SnapKit

SPEC CHECKSUMS:
  R.swift: 0af0d882f49f03711415cb4e5215daa977d8a480
  SnapKit: e01d52ebb8ddbc333eefe2132acf85c8227d9c25

PODFILE CHECKSUM: 2cc595ea1a76d35f6dc8cb80d0fc414b6175c936

COCOAPODS: 1.14.3
